<?xml version="1.0" encoding="utf-8"?>
<Project ToolsVersion="4.0" xmlns="http://schemas.microsoft.com/developer/msbuild/2003">
  <ItemGroup>
    <Filter Include="Source Files">
      <UniqueIdentifier>{4FC737F1-C7A5-4376-A066-2A32D752A2FF}</UniqueIdentifier>
      <Extensions>cpp;c;cc;cxx;def;odl;idl;hpj;bat;asm;asmx</Extensions>
    </Filter>
    <Filter Include="Source Files\dbl4">
      <UniqueIdentifier>{d37f1fbe-f9aa-486d-8221-19841f5ce562}</UniqueIdentifier>
      <Extensions>*/dbl4/*</Extensions>
    </Filter>
    <Filter Include="Source Files\coordsys">
      <UniqueIdentifier>{4f69e5c0-d02d-493b-a415-0730b06c9b57}</UniqueIdentifier>
      <Extensions>*/coordsys/*</Extensions>
    </Filter>
    <Filter Include="Source Files\geoid">
      <UniqueIdentifier>{501210b7-145c-4754-97d2-d113ee1900d5}</UniqueIdentifier>
      <Extensions>*\geoid\*</Extensions>
    </Filter>
    <Filter Include="Source Files\network">
      <UniqueIdentifier>{1d46c532-7d1e-4be6-97c7-658515f47f54}</UniqueIdentifier>
    </Filter>
    <Filter Include="Source Files\snapdata">
      <UniqueIdentifier>{fedd729a-ef22-401b-85ad-c6d3644fcb1e}</UniqueIdentifier>
    </Filter>
    <Filter Include="Source Files\snap">
      <UniqueIdentifier>{a3b50e7f-e2e0-477b-ad9d-5d70a402cb83}</UniqueIdentifier>
    </Filter>
    <Filter Include="Source Files\util">
      <UniqueIdentifier>{23b56632-07b6-498e-be49-91f1aeb81b93}</UniqueIdentifier>
    </Filter>
    <Filter Include="Header Files">
      <UniqueIdentifier>{93995380-89BD-4b04-88EB-625FBE52EBFB}</UniqueIdentifier>
      <Extensions>h;hpp;hxx;hm;inl;inc;xsd</Extensions>
    </Filter>
    <Filter Include="Header Files\dbl4">
      <UniqueIdentifier>{affbb1ab-769e-4196-9a3c-92da023246f0}</UniqueIdentifier>
      <Extensions>*/dbl4/*</Extensions>
    </Filter>
    <Filter Include="Header Files\coordsys">
      <UniqueIdentifier>{ef5f441f-054b-4ab4-856a-d771fde116eb}</UniqueIdentifier>
    </Filter>
    <Filter Include="Header Files\geoid">
      <UniqueIdentifier>{a015e349-d8f7-4dd3-8db0-2e9ba44ac3f0}</UniqueIdentifier>
    </Filter>
    <Filter Include="Header Files\network">
      <UniqueIdentifier>{cf0fa53b-76cf-42b6-8294-d002a1914832}</UniqueIdentifier>
    </Filter>
    <Filter Include="Header Files\snap">
      <UniqueIdentifier>{5a32e934-9d2c-4266-890c-98605e9c91bb}</UniqueIdentifier>
    </Filter>
    <Filter Include="Header Files\snapdata">
      <UniqueIdentifier>{c04dde21-3ba0-4ee1-a84a-af4d9edc9aa1}</UniqueIdentifier>
    </Filter>
    <Filter Include="Header Files\util">
      <UniqueIdentifier>{b41aed38-f501-47f7-98b3-2a242d1f845f}</UniqueIdentifier>
    </Filter>
    <Filter Include="Resource Files">
      <UniqueIdentifier>{67DA6AB6-F800-4c08-8B7A-83BB121AAD01}</UniqueIdentifier>
      <Extensions>rc;ico;cur;bmp;dlg;rc2;rct;bin;rgs;gif;jpg;jpeg;jpe;resx;tiff;tif;png;wav</Extensions>
    </Filter>
  </ItemGroup>
  <ItemGroup>
    <ClCompile Include="..\..\..\src\snaplib\dbl4\dbl4_utl_binsrc.cpp">
      <Filter>Source Files\dbl4</Filter>
    </ClCompile>
    <ClCompile Include="..\..\..\src\snaplib\dbl4\dbl4_utl_blob.cpp">
      <Filter>Source Files\dbl4</Filter>
    </ClCompile>
    <ClCompile Include="..\..\..\src\snaplib\dbl4\dbl4_utl_date.cpp">
      <Filter>Source Files\dbl4</Filter>
    </ClCompile>
    <ClCompile Include="..\..\..\src\snaplib\dbl4\dbl4_utl_grid.cpp">
      <Filter>Source Files\dbl4</Filter>
    </ClCompile>
    <ClCompile Include="..\..\..\src\snaplib\dbl4\dbl4_utl_lnzdef.cpp">
      <Filter>Source Files\dbl4</Filter>
    </ClCompile>
    <ClCompile Include="..\..\..\src\snaplib\dbl4\dbl4_utl_trig.cpp">
      <Filter>Source Files\dbl4</Filter>
    </ClCompile>
    <ClCompile Include="..\..\..\src\snaplib\dbl4\snap_dbl4_interface.cpp">
      <Filter>Source Files\dbl4</Filter>
    </ClCompile>
    <ClCompile Include="..\..\..\src\snaplib\coordsys\crdsys_conv.cpp">
      <Filter>Source Files\coordsys</Filter>
    </ClCompile>
    <ClCompile Include="..\..\..\src\snaplib\coordsys\crdsys_csys.cpp">
      <Filter>Source Files\coordsys</Filter>
    </ClCompile>
    <ClCompile Include="..\..\..\src\snaplib\coordsys\crdsys_csys_describe.cpp">
      <Filter>Source Files\coordsys</Filter>
    </ClCompile>
    <ClCompile Include="..\..\..\src\snaplib\coordsys\crdsys_csys_parse.cpp">
      <Filter>Source Files\coordsys</Filter>
    </ClCompile>
    <ClCompile Include="..\..\..\src\snaplib\coordsys\crdsys_ell.cpp">
      <Filter>Source Files\coordsys</Filter>
    </ClCompile>
    <ClCompile Include="..\..\..\src\snaplib\coordsys\crdsys_ell_func.cpp">
      <Filter>Source Files\coordsys</Filter>
    </ClCompile>
    <ClCompile Include="..\..\..\src\snaplib\coordsys\crdsys_ell_parse.cpp">
      <Filter>Source Files\coordsys</Filter>
    </ClCompile>
    <ClCompile Include="..\..\..\src\snaplib\coordsys\crdsys_prj.cpp">
      <Filter>Source Files\coordsys</Filter>
    </ClCompile>
    <ClCompile Include="..\..\..\src\snaplib\coordsys\crdsys_prj_func.cpp">
      <Filter>Source Files\coordsys</Filter>
    </ClCompile>
    <ClCompile Include="..\..\..\src\snaplib\coordsys\crdsys_prj_install.cpp">
      <Filter>Source Files\coordsys</Filter>
    </ClCompile>
    <ClCompile Include="..\..\..\src\snaplib\coordsys\crdsys_prj_parse.cpp">
      <Filter>Source Files\coordsys</Filter>
    </ClCompile>
    <ClCompile Include="..\..\..\src\snaplib\coordsys\crdsys_prj_register.cpp">
      <Filter>Source Files\coordsys</Filter>
    </ClCompile>
    <ClCompile Include="..\..\..\src\snaplib\coordsys\crdsys_rf.cpp">
      <Filter>Source Files\coordsys</Filter>
    </ClCompile>
    <ClCompile Include="..\..\..\src\snaplib\coordsys\crdsys_rf_func.cpp">
      <Filter>Source Files\coordsys</Filter>
    </ClCompile>
    <ClCompile Include="..\..\..\src\snaplib\coordsys\crdsys_rf_parse.cpp">
      <Filter>Source Files\coordsys</Filter>
    </ClCompile>
    <ClCompile Include="..\..\..\src\snaplib\coordsys\crdsys_rfdef.cpp">
      <Filter>Source Files\coordsys</Filter>
    </ClCompile>
    <ClCompile Include="..\..\..\src\snaplib\coordsys\crdsys_rfdef_bw.cpp">
      <Filter>Source Files\coordsys</Filter>
    </ClCompile>
    <ClCompile Include="..\..\..\src\snaplib\coordsys\crdsys_rfdef_grid.cpp">
      <Filter>Source Files\coordsys</Filter>
    </ClCompile>
    <ClCompile Include="..\..\..\src\snaplib\coordsys\crdsys_rfdef_linzdef.cpp">
      <Filter>Source Files\coordsys</Filter>
    </ClCompile>
    <ClCompile Include="..\..\..\src\snaplib\coordsys\crdsys_rffunc.cpp">
      <Filter>Source Files\coordsys</Filter>
    </ClCompile>
    <ClCompile Include="..\..\..\src\snaplib\coordsys\crdsys_rffunc_grid.cpp">
      <Filter>Source Files\coordsys</Filter>
    </ClCompile>
    <ClCompile Include="..\..\..\src\snaplib\coordsys\crdsys_src.cpp">
      <Filter>Source Files\coordsys</Filter>
    </ClCompile>
    <ClCompile Include="..\..\..\src\snaplib\coordsys\crdsys_src_csdef.cpp">
      <Filter>Source Files\coordsys</Filter>
    </ClCompile>
    <ClCompile Include="..\..\..\src\snaplib\coordsys\crdsys_src_default.cpp">
      <Filter>Source Files\coordsys</Filter>
    </ClCompile>
    <ClCompile Include="..\..\..\src\snaplib\coordsys\crdsys_src_lists.cpp">
      <Filter>Source Files\coordsys</Filter>
    </ClCompile>
    <ClCompile Include="..\..\..\src\snaplib\coordsys\emproj.cpp">
      <Filter>Source Files\coordsys</Filter>
    </ClCompile>
    <ClCompile Include="..\..\..\src\snaplib\coordsys\emprojr.cpp">
      <Filter>Source Files\coordsys</Filter>
    </ClCompile>
    <ClCompile Include="..\..\..\src\snaplib\coordsys\gnproj.cpp">
      <Filter>Source Files\coordsys</Filter>
    </ClCompile>
    <ClCompile Include="..\..\..\src\snaplib\coordsys\gnprojr.cpp">
      <Filter>Source Files\coordsys</Filter>
    </ClCompile>
    <ClCompile Include="..\..\..\src\snaplib\coordsys\isometrc.cpp">
      <Filter>Source Files\coordsys</Filter>
    </ClCompile>
    <ClCompile Include="..\..\..\src\snaplib\coordsys\lambert.cpp">
      <Filter>Source Files\coordsys</Filter>
    </ClCompile>
    <ClCompile Include="..\..\..\src\snaplib\coordsys\lambertr.cpp">
      <Filter>Source Files\coordsys</Filter>
    </ClCompile>
    <ClCompile Include="..\..\..\src\snaplib\coordsys\nzmg.cpp">
      <Filter>Source Files\coordsys</Filter>
    </ClCompile>
    <ClCompile Include="..\..\..\src\snaplib\coordsys\nzmgr.cpp">
      <Filter>Source Files\coordsys</Filter>
    </ClCompile>
    <ClCompile Include="..\..\..\src\snaplib\coordsys\paramdef.cpp">
      <Filter>Source Files\coordsys</Filter>
    </ClCompile>
    <ClCompile Include="..\..\..\src\snaplib\coordsys\psproj.cpp">
      <Filter>Source Files\coordsys</Filter>
    </ClCompile>
    <ClCompile Include="..\..\..\src\snaplib\coordsys\psprojr.cpp">
      <Filter>Source Files\coordsys</Filter>
    </ClCompile>
    <ClCompile Include="..\..\..\src\snaplib\coordsys\tmproj.cpp">
      <Filter>Source Files\coordsys</Filter>
    </ClCompile>
    <ClCompile Include="..\..\..\src\snaplib\coordsys\tmprojr.cpp">
      <Filter>Source Files\coordsys</Filter>
    </ClCompile>
    <ClCompile Include="..\..\..\src\snaplib\geoid\geoid.cpp">
      <Filter>Source Files\geoid</Filter>
    </ClCompile>
    <ClCompile Include="..\..\..\src\snaplib\geoid\griddata.cpp">
      <Filter>Source Files\geoid</Filter>
    </ClCompile>
    <ClCompile Include="..\..\..\src\snaplib\network\netcalcs.cpp">
      <Filter>Source Files\network</Filter>
    </ClCompile>
    <ClCompile Include="..\..\..\src\snaplib\network\netlist.cpp">
      <Filter>Source Files\network</Filter>
    </ClCompile>
    <ClCompile Include="..\..\..\src\snaplib\network\netlist1.cpp">
      <Filter>Source Files\network</Filter>
    </ClCompile>
    <ClCompile Include="..\..\..\src\snaplib\network\netstns.cpp">
      <Filter>Source Files\network</Filter>
    </ClCompile>
    <ClCompile Include="..\..\..\src\snaplib\network\netstns1.cpp">
      <Filter>Source Files\network</Filter>
    </ClCompile>
    <ClCompile Include="..\..\..\src\snaplib\network\network.cpp">
      <Filter>Source Files\network</Filter>
    </ClCompile>
    <ClCompile Include="..\..\..\src\snaplib\network\networkb.cpp">
      <Filter>Source Files\network</Filter>
    </ClCompile>
    <ClCompile Include="..\..\..\src\snaplib\network\networkd.cpp">
      <Filter>Source Files\network</Filter>
    </ClCompile>
    <ClCompile Include="..\..\..\src\snaplib\network\networkm.cpp">
      <Filter>Source Files\network</Filter>
    </ClCompile>
    <ClCompile Include="..\..\..\src\snaplib\network\networkr.cpp">
      <Filter>Source Files\network</Filter>
    </ClCompile>
    <ClCompile Include="..\..\..\src\snaplib\network\networks.cpp">
      <Filter>Source Files\network</Filter>
    </ClCompile>
    <ClCompile Include="..\..\..\src\snaplib\network\networkt.cpp">
      <Filter>Source Files\network</Filter>
    </ClCompile>
    <ClCompile Include="..\..\..\src\snaplib\network\networkw.cpp">
      <Filter>Source Files\network</Filter>
    </ClCompile>
    <ClCompile Include="..\..\..\src\snaplib\snapdata\datatype.cpp">
      <Filter>Source Files\snapdata</Filter>
    </ClCompile>
    <ClCompile Include="..\..\..\src\snaplib\snapdata\geoddata.cpp">
      <Filter>Source Files\snapdata</Filter>
    </ClCompile>
    <ClCompile Include="..\..\..\src\snaplib\snapdata\gpscvr.cpp">
      <Filter>Source Files\snapdata</Filter>
    </ClCompile>
    <ClCompile Include="..\..\..\src\snaplib\snapdata\loaddata.cpp">
      <Filter>Source Files\snapdata</Filter>
    </ClCompile>
    <ClCompile Include="..\..\..\src\snaplib\snapdata\snapdata.cpp">
      <Filter>Source Files\snapdata</Filter>
    </ClCompile>
    <ClCompile Include="..\..\..\src\snaplib\snap\bearing.cpp">
      <Filter>Source Files\snap</Filter>
    </ClCompile>
    <ClCompile Include="..\..\..\src\snaplib\snap\bindata.cpp">
      <Filter>Source Files\snap</Filter>
    </ClCompile>
    <ClCompile Include="..\..\..\src\snaplib\snap\cfgprocs.cpp">
      <Filter>Source Files\snap</Filter>
    </ClCompile>
    <ClCompile Include="..\..\..\src\snaplib\snap\datastat.cpp">
      <Filter>Source Files\snap</Filter>
    </ClCompile>
    <ClCompile Include="..\..\..\src\snaplib\snap\deform.cpp">
      <Filter>Source Files\snap</Filter>
    </ClCompile>
    <ClCompile Include="..\..\..\src\snaplib\snap\genparam.cpp">
      <Filter>Source Files\snap</Filter>
    </ClCompile>
    <ClCompile Include="..\..\..\src\snaplib\snap\gpscvr2.cpp">
      <Filter>Source Files\snap</Filter>
    </ClCompile>
    <ClCompile Include="..\..\..\src\snaplib\snap\obsparam.cpp">
      <Filter>Source Files\snap</Filter>
    </ClCompile>
    <ClCompile Include="..\..\..\src\snaplib\snap\rftrans.cpp">
      <Filter>Source Files\snap</Filter>
    </ClCompile>
    <ClCompile Include="..\..\..\src\snaplib\snap\rftrndmp.cpp">
      <Filter>Source Files\snap</Filter>
    </ClCompile>
    <ClCompile Include="..\..\..\src\snaplib\snap\snapglob.cpp">
      <Filter>Source Files\snap</Filter>
    </ClCompile>
    <ClCompile Include="..\..\..\src\snaplib\snap\stnadj.cpp">
      <Filter>Source Files\snap</Filter>
    </ClCompile>
    <ClCompile Include="..\..\..\src\snaplib\snap\survfile.cpp">
      <Filter>Source Files\snap</Filter>
    </ClCompile>
    <ClCompile Include="..\..\..\src\snaplib\snap\survfilr.cpp">
      <Filter>Source Files\snap</Filter>
    </ClCompile>
    <ClCompile Include="..\..\..\src\snaplib\util\avltree.cpp">
      <Filter>Source Files\util</Filter>
    </ClCompile>
    <ClCompile Include="..\..\..\src\snaplib\util\binfile.cpp">
      <Filter>Source Files\util</Filter>
    </ClCompile>
    <ClCompile Include="..\..\..\src\snaplib\util\bltmatrx.cpp">
      <Filter>Source Files\util</Filter>
    </ClCompile>
    <ClCompile Include="..\..\..\src\snaplib\util\chkallcx.cpp">
      <Filter>Source Files\util</Filter>
    </ClCompile>
    <ClCompile Include="..\..\..\src\snaplib\util\chkalloc.cpp">
      <Filter>Source Files\util</Filter>
    </ClCompile>
    <ClCompile Include="..\..\..\src\snaplib\util\classify.cpp">
      <Filter>Source Files\util</Filter>
    </ClCompile>
    <ClCompile Include="..\..\..\src\snaplib\util\datafile.cpp">
      <Filter>Source Files\util</Filter>
    </ClCompile>
    <ClCompile Include="..\..\..\src\snaplib\util\dateutil.cpp">
      <Filter>Source Files\util</Filter>
    </ClCompile>
    <ClCompile Include="..\..\..\src\snaplib\util\dms.cpp">
      <Filter>Source Files\util</Filter>
    </ClCompile>
    <ClCompile Include="..\..\..\src\snaplib\util\dstring.cpp">
      <Filter>Source Files\util</Filter>
    </ClCompile>
    <ClCompile Include="..\..\..\src\snaplib\util\errdef.cpp">
      <Filter>Source Files\util</Filter>
    </ClCompile>
    <ClCompile Include="..\..\..\src\snaplib\util\filelist.cpp">
      <Filter>Source Files\util</Filter>
    </ClCompile>
    <ClCompile Include="..\..\..\src\snaplib\util\fileutil.cpp">
      <Filter>Source Files\util</Filter>
    </ClCompile>
    <ClCompile Include="..\..\..\src\snaplib\util\geodetic.cpp">
      <Filter>Source Files\util</Filter>
    </ClCompile>
    <ClCompile Include="..\..\..\src\snaplib\util\get_date.cpp">
      <Filter>Source Files\util</Filter>
    </ClCompile>
    <ClCompile Include="..\..\..\src\snaplib\util\iostring.cpp">
      <Filter>Source Files\util</Filter>
    </ClCompile>
    <ClCompile Include="..\..\..\src\snaplib\util\leastsqu.cpp">
      <Filter>Source Files\util</Filter>
    </ClCompile>
    <ClCompile Include="..\..\..\src\snaplib\util\license.cpp">
      <Filter>Source Files\util</Filter>
    </ClCompile>
    <ClCompile Include="..\..\..\src\snaplib\util\linklist.cpp">
      <Filter>Source Files\util</Filter>
    </ClCompile>
    <ClCompile Include="..\..\..\src\snaplib\util\lsobseq.cpp">
      <Filter>Source Files\util</Filter>
    </ClCompile>
    <ClCompile Include="..\..\..\src\snaplib\util\probfunc.cpp">
      <Filter>Source Files\util</Filter>
    </ClCompile>
    <ClCompile Include="..\..\..\src\snaplib\util\progress.cpp">
      <Filter>Source Files\util</Filter>
    </ClCompile>
    <ClCompile Include="..\..\..\src\snaplib\util\readcfg.cpp">
      <Filter>Source Files\util</Filter>
    </ClCompile>
    <ClCompile Include="..\..\..\src\snaplib\util\strarray.cpp">
      <Filter>Source Files\util</Filter>
    </ClCompile>
    <ClCompile Include="..\..\..\src\snaplib\util\strtokq.cpp">
      <Filter>Source Files\util</Filter>
    </ClCompile>
    <ClCompile Include="..\..\..\src\snaplib\util\symmatrx.cpp">
      <Filter>Source Files\util</Filter>
    </ClCompile>
    <ClCompile Include="..\..\..\src\snaplib\util\wildcard.cpp">
      <Filter>Source Files\util</Filter>
    </ClCompile>
    <ClCompile Include="..\..\..\src\snaplib\util\writecsv.cpp">
      <Filter>Source Files\util</Filter>
    </ClCompile>
    <ClCompile Include="..\..\..\src\snaplib\util\xprintf.cpp">
      <Filter>Source Files\util</Filter>
    </ClCompile>
    <ClCompile Include="..\..\..\src\snaplib\util\delimitedtextfile.cpp">
      <Filter>Source Files\util</Filter>
    </ClCompile>
    <ClCompile Include="..\..\..\src\snaplib\util\calcdltfile.cpp">
      <Filter>Source Files\util</Filter>
    </ClCompile>
    <ClCompile Include="..\..\..\src\snaplib\util\recordstream.cpp">
      <Filter>Source Files\util</Filter>
    </ClCompile>
    <ClCompile Include="..\..\..\src\snaplib\snapdata\survdata.cpp">
      <Filter>Source Files\snapdata</Filter>
    </ClCompile>
    <ClCompile Include="..\..\..\src\snaplib\snapdata\snapcsvbase.cpp">
      <Filter>Source Files\snapdata</Filter>
    </ClCompile>
    <ClCompile Include="..\..\..\src\snaplib\snapdata\snapcsvobs.cpp">
      <Filter>Source Files\snapdata</Filter>
    </ClCompile>
    <ClCompile Include="..\..\..\src\snaplib\snap\snapcsvstn.cpp">
      <Filter>Source Files\snap</Filter>
    </ClCompile>
    <ClCompile Include="..\..\..\src\snaplib\util\optionstring.cpp">
      <Filter>Source Files\util</Filter>
    </ClCompile>
    <ClCompile Include="..\..\..\src\snaplib\util\parseangle.cpp">
      <Filter>Source Files\util</Filter>
    </ClCompile>
    <ClCompile Include="..\..\..\src\snaplib\network\network_geoid.cpp">
      <Filter>Source Files\network</Filter>
    </ClCompile>
    <ClCompile Include="..\..\..\src\snaplib\network\stnoffset.cpp">
      <Filter>Source Files\network</Filter>
    </ClCompile>
    <ClCompile Include="..\..\..\src\snaplib\util\polygon.cpp">
      <Filter>Source Files\util</Filter>
    </ClCompile>
    <ClCompile Include="..\..\..\src\snaplib\snapdata\stnrecode.cpp">
      <Filter>Source Files\snapdata</Filter>
    </ClCompile>
    <ClCompile Include="..\..\..\src\snaplib\snapdata\stnrecodefile.cpp">
      <Filter>Source Files\snapdata</Filter>
    </ClCompile>
    <ClCompile Include="..\..\..\src\snaplib\snapdata\sinexdata.cpp">
      <Filter>Source Files\snapdata</Filter>
    </ClCompile>
    <ClCompile Include="..\..\..\src\snaplib\util\recordinputbase.cpp">
      <Filter>Source Files\util</Filter>
    </ClCompile>
    <ClCompile Include="..\..\..\src\snaplib\util\datafileinput.cpp">
      <Filter>Source Files\util</Filter>
    </ClCompile>
    <ClCompile Include="..\..\..\src\snaplib\snapdata\obsmod.cpp">
      <Filter>Source Files\snapdata</Filter>
    </ClCompile>
    <ClCompile Include="..\..\..\src\snaplib\network\networkl.cpp">
      <Filter>Source Files\network</Filter>
    </ClCompile>
    <ClCompile Include="..\..\..\src\snaplib\coordsys\crdsys_hrs.cpp">
      <Filter>Source Files\coordsys</Filter>
    </ClCompile>
    <ClCompile Include="..\..\..\src\snaplib\coordsys\crdsys_hrs_func.cpp">
      <Filter>Source Files\coordsys</Filter>
    </ClCompile>
    <ClCompile Include="..\..\..\src\snaplib\coordsys\crdsys_hrs_parse.cpp">
      <Filter>Source Files\coordsys</Filter>
    </ClCompile>
    <ClCompile Include="..\..\..\src\snaplib\util\bltmatrx_mt.cpp">
      <Filter>Source Files\util</Filter>
    </ClCompile>
    <ClCompile Include="..\..\..\src\snaplib\util\getversion.cpp">
      <Filter>Source Files\util</Filter>
    </ClCompile>
    <ClCompile Include="..\..\..\src\snaplib\util\wildcard.h">
      <Filter>Header Files</Filter>
    </ClCompile>
  </ItemGroup>
  <ItemGroup>
    <ClInclude Include="..\..\..\src\snaplib\dbl4\dbl4_tfm_crd.h">
      <Filter>Header Files\dbl4</Filter>
    </ClInclude>
    <ClInclude Include="..\..\..\src\snaplib\dbl4\dbl4_types.h">
      <Filter>Header Files\dbl4</Filter>
    </ClInclude>
    <ClInclude Include="..\..\..\src\snaplib\dbl4\dbl4_utl_alloc.h">
      <Filter>Header Files\dbl4</Filter>
    </ClInclude>
    <ClInclude Include="..\..\..\src\snaplib\dbl4\dbl4_utl_binsrc.h">
      <Filter>Header Files\dbl4</Filter>
    </ClInclude>
    <ClInclude Include="..\..\..\src\snaplib\dbl4\dbl4_utl_blob.h">
      <Filter>Header Files\dbl4</Filter>
    </ClInclude>
    <ClInclude Include="..\..\..\src\snaplib\dbl4\dbl4_utl_date.h">
      <Filter>Header Files\dbl4</Filter>
    </ClInclude>
    <ClInclude Include="..\..\..\src\snaplib\dbl4\dbl4_utl_error.h">
      <Filter>Header Files\dbl4</Filter>
    </ClInclude>
    <ClInclude Include="..\..\..\src\snaplib\dbl4\dbl4_utl_grid.h">
      <Filter>Header Files\dbl4</Filter>
    </ClInclude>
    <ClInclude Include="..\..\..\src\snaplib\dbl4\dbl4_utl_lnzdef.h">
      <Filter>Header Files\dbl4</Filter>
    </ClInclude>
    <ClInclude Include="..\..\..\src\snaplib\dbl4\dbl4_utl_progress.h">
      <Filter>Header Files\dbl4</Filter>
    </ClInclude>
    <ClInclude Include="..\..\..\src\snaplib\dbl4\dbl4_utl_shiftmodel.h">
      <Filter>Header Files\dbl4</Filter>
    </ClInclude>
    <ClInclude Include="..\..\..\src\snaplib\dbl4\dbl4_utl_trace.h">
      <Filter>Header Files\dbl4</Filter>
    </ClInclude>
    <ClInclude Include="..\..\..\src\snaplib\dbl4\dbl4_utl_trig.h">
      <Filter>Header Files\dbl4</Filter>
    </ClInclude>
    <ClInclude Include="..\..\..\src\snaplib\dbl4\dbl4_utl_yield.h">
      <Filter>Header Files\dbl4</Filter>
    </ClInclude>
    <ClInclude Include="..\..\..\src\snaplib\dbl4\mi.h">
      <Filter>Header Files\dbl4</Filter>
    </ClInclude>
    <ClInclude Include="..\..\..\src\snaplib\dbl4\snap_dbl4_interface.h">
      <Filter>Header Files\dbl4</Filter>
    </ClInclude>
    <ClInclude Include="..\..\..\src\snaplib\coordsys\coordsys.h">
      <Filter>Header Files\coordsys</Filter>
    </ClInclude>
    <ClInclude Include="..\..\..\src\snaplib\coordsys\crdsys_prj.h">
      <Filter>Header Files\coordsys</Filter>
    </ClInclude>
    <ClInclude Include="..\..\..\src\snaplib\coordsys\crdsys_rfdef_bw.h">
      <Filter>Header Files\coordsys</Filter>
    </ClInclude>
    <ClInclude Include="..\..\..\src\snaplib\coordsys\crdsys_rfdef_grid.h">
      <Filter>Header Files\coordsys</Filter>
    </ClInclude>
    <ClInclude Include="..\..\..\src\snaplib\coordsys\crdsys_rfdef_linzdef.h">
      <Filter>Header Files\coordsys</Filter>
    </ClInclude>
    <ClInclude Include="..\..\..\src\snaplib\coordsys\crdsys_rffunc_grid.h">
      <Filter>Header Files\coordsys</Filter>
    </ClInclude>
    <ClInclude Include="..\..\..\src\snaplib\coordsys\crdsys_src.h">
      <Filter>Header Files\coordsys</Filter>
    </ClInclude>
    <ClInclude Include="..\..\..\src\snaplib\coordsys\emproj.h">
      <Filter>Header Files\coordsys</Filter>
    </ClInclude>
    <ClInclude Include="..\..\..\src\snaplib\coordsys\emprojr.h">
      <Filter>Header Files\coordsys</Filter>
    </ClInclude>
    <ClInclude Include="..\..\..\src\snaplib\coordsys\gnproj.h">
      <Filter>Header Files\coordsys</Filter>
    </ClInclude>
    <ClInclude Include="..\..\..\src\snaplib\coordsys\gnprojr.h">
      <Filter>Header Files\coordsys</Filter>
    </ClInclude>
    <ClInclude Include="..\..\..\src\snaplib\coordsys\isometrc.h">
      <Filter>Header Files\coordsys</Filter>
    </ClInclude>
    <ClInclude Include="..\..\..\src\snaplib\coordsys\lambert.h">
      <Filter>Header Files\coordsys</Filter>
    </ClInclude>
    <ClInclude Include="..\..\..\src\snaplib\coordsys\lambertr.h">
      <Filter>Header Files\coordsys</Filter>
    </ClInclude>
    <ClInclude Include="..\..\..\src\snaplib\coordsys\nzmg.h">
      <Filter>Header Files\coordsys</Filter>
    </ClInclude>
    <ClInclude Include="..\..\..\src\snaplib\coordsys\nzmgr.h">
      <Filter>Header Files\coordsys</Filter>
    </ClInclude>
    <ClInclude Include="..\..\..\src\snaplib\coordsys\paramdef.h">
      <Filter>Header Files\coordsys</Filter>
    </ClInclude>
    <ClInclude Include="..\..\..\src\snaplib\coordsys\psproj.h">
      <Filter>Header Files\coordsys</Filter>
    </ClInclude>
    <ClInclude Include="..\..\..\src\snaplib\coordsys\psprojr.h">
      <Filter>Header Files\coordsys</Filter>
    </ClInclude>
    <ClInclude Include="..\..\..\src\snaplib\coordsys\tmproj.h">
      <Filter>Header Files\coordsys</Filter>
    </ClInclude>
    <ClInclude Include="..\..\..\src\snaplib\coordsys\tmprojr.h">
      <Filter>Header Files\coordsys</Filter>
    </ClInclude>
    <ClInclude Include="..\..\..\src\snaplib\geoid\geoid.h">
      <Filter>Header Files\geoid</Filter>
    </ClInclude>
    <ClInclude Include="..\..\..\src\snaplib\geoid\griddata.h">
      <Filter>Header Files\geoid</Filter>
    </ClInclude>
    <ClInclude Include="..\..\..\src\snaplib\network\network.h">
      <Filter>Header Files\network</Filter>
    </ClInclude>
    <ClInclude Include="..\..\..\src\snaplib\network\networkb.h">
      <Filter>Header Files\network</Filter>
    </ClInclude>
    <ClInclude Include="..\..\..\src\snaplib\snap\bearing.h">
      <Filter>Header Files\snap</Filter>
    </ClInclude>
    <ClInclude Include="..\..\..\src\snaplib\snap\bindata.h">
      <Filter>Header Files\snap</Filter>
    </ClInclude>
    <ClInclude Include="..\..\..\src\snaplib\snap\cfgprocs.h">
      <Filter>Header Files\snap</Filter>
    </ClInclude>
    <ClInclude Include="..\..\..\src\snaplib\snap\datastat.h">
      <Filter>Header Files\snap</Filter>
    </ClInclude>
    <ClInclude Include="..\..\..\src\snaplib\snap\deform.h">
      <Filter>Header Files\snap</Filter>
    </ClInclude>
    <ClInclude Include="..\..\..\src\snaplib\snap\genparam.h">
      <Filter>Header Files\snap</Filter>
    </ClInclude>
    <ClInclude Include="..\..\..\src\snaplib\snap\gpscvr2.h">
      <Filter>Header Files\snap</Filter>
    </ClInclude>
    <ClInclude Include="..\..\..\src\snaplib\snap\obsparam.h">
      <Filter>Header Files\snap</Filter>
    </ClInclude>
    <ClInclude Include="..\..\..\src\snaplib\snap\rftrans.h">
      <Filter>Header Files\snap</Filter>
    </ClInclude>
    <ClInclude Include="..\..\..\src\snaplib\snap\rftrndmp.h">
      <Filter>Header Files\snap</Filter>
    </ClInclude>
    <ClInclude Include="..\..\..\src\snaplib\snap\snapglob.h">
      <Filter>Header Files\snap</Filter>
    </ClInclude>
    <ClInclude Include="..\..\..\src\snaplib\snap\stnadj.h">
      <Filter>Header Files\snap</Filter>
    </ClInclude>
    <ClInclude Include="..\..\..\src\snaplib\snap\survfile.h">
      <Filter>Header Files\snap</Filter>
    </ClInclude>
    <ClInclude Include="..\..\..\src\snaplib\snap\survfilr.h">
      <Filter>Header Files\snap</Filter>
    </ClInclude>
    <ClInclude Include="..\..\..\src\snaplib\snapdata\datatype.h">
      <Filter>Header Files\snapdata</Filter>
    </ClInclude>
    <ClInclude Include="..\..\..\src\snaplib\snapdata\geoddata.h">
      <Filter>Header Files\snapdata</Filter>
    </ClInclude>
    <ClInclude Include="..\..\..\src\snaplib\snapdata\gpscvr.h">
      <Filter>Header Files\snapdata</Filter>
    </ClInclude>
    <ClInclude Include="..\..\..\src\snaplib\snapdata\loaddata.h">
      <Filter>Header Files\snapdata</Filter>
    </ClInclude>
    <ClInclude Include="..\..\..\src\snaplib\snapdata\snapdata.h">
      <Filter>Header Files\snapdata</Filter>
    </ClInclude>
    <ClInclude Include="..\..\..\src\snaplib\snapdata\survdata.h">
      <Filter>Header Files\snapdata</Filter>
    </ClInclude>
    <ClInclude Include="..\..\..\src\snaplib\util\avltree.h">
      <Filter>Header Files\util</Filter>
    </ClInclude>
    <ClInclude Include="..\..\..\src\snaplib\util\binfile.h">
      <Filter>Header Files\util</Filter>
    </ClInclude>
    <ClInclude Include="..\..\..\src\snaplib\util\bltmatrx.h">
      <Filter>Header Files\util</Filter>
    </ClInclude>
    <ClInclude Include="..\..\..\src\snaplib\util\chkalloc.h">
      <Filter>Header Files\util</Filter>
    </ClInclude>
    <ClInclude Include="..\..\..\src\snaplib\util\classify.h">
      <Filter>Header Files\util</Filter>
    </ClInclude>
    <ClInclude Include="..\..\..\src\snaplib\util\datafile.h">
      <Filter>Header Files\util</Filter>
    </ClInclude>
    <ClInclude Include="..\..\..\src\snaplib\util\dateutil.h">
      <Filter>Header Files\util</Filter>
    </ClInclude>
    <ClInclude Include="..\..\..\src\snaplib\util\dms.h">
      <Filter>Header Files\util</Filter>
    </ClInclude>
    <ClInclude Include="..\..\..\src\snaplib\util\dstring.h">
      <Filter>Header Files\util</Filter>
    </ClInclude>
    <ClInclude Include="..\..\..\src\snaplib\util\errdef.h">
      <Filter>Header Files\util</Filter>
    </ClInclude>
    <ClInclude Include="..\..\..\src\snaplib\util\filelist.h">
      <Filter>Header Files\util</Filter>
    </ClInclude>
    <ClInclude Include="..\..\..\src\snaplib\util\fileutil.h">
      <Filter>Header Files\util</Filter>
    </ClInclude>
    <ClInclude Include="..\..\..\src\snaplib\util\geodetic.h">
      <Filter>Header Files\util</Filter>
    </ClInclude>
    <ClInclude Include="..\..\..\src\snaplib\util\get_date.h">
      <Filter>Header Files\util</Filter>
    </ClInclude>
    <ClInclude Include="..\..\..\src\snaplib\util\iostring.h">
      <Filter>Header Files\util</Filter>
    </ClInclude>
    <ClInclude Include="..\..\..\src\snaplib\util\leastsqu.h">
      <Filter>Header Files\util</Filter>
    </ClInclude>
    <ClInclude Include="..\..\..\src\snaplib\util\license.h">
      <Filter>Header Files\util</Filter>
    </ClInclude>
    <ClInclude Include="..\..\..\src\snaplib\util\linklist.h">
      <Filter>Header Files\util</Filter>
    </ClInclude>
    <ClInclude Include="..\..\..\src\snaplib\util\lsobseq.h">
      <Filter>Header Files\util</Filter>
    </ClInclude>
    <ClInclude Include="..\..\..\src\snaplib\util\pi.h">
      <Filter>Header Files\util</Filter>
    </ClInclude>
    <ClInclude Include="..\..\..\src\snaplib\util\probfunc.h">
      <Filter>Header Files\util</Filter>
    </ClInclude>
    <ClInclude Include="..\..\..\src\snaplib\util\progress.h">
      <Filter>Header Files\util</Filter>
    </ClInclude>
    <ClInclude Include="..\..\..\src\snaplib\util\readcfg.h">
      <Filter>Header Files\util</Filter>
    </ClInclude>
    <ClInclude Include="..\..\..\src\snaplib\util\strarray.h">
      <Filter>Header Files\util</Filter>
    </ClInclude>
    <ClInclude Include="..\..\..\src\snaplib\util\strtokq.h">
      <Filter>Header Files\util</Filter>
    </ClInclude>
    <ClInclude Include="..\..\..\src\snaplib\util\symmatrx.h">
      <Filter>Header Files\util</Filter>
    </ClInclude>
    <ClInclude Include="..\..\..\src\snaplib\util\versioninfo.h">
      <Filter>Header Files\util</Filter>
    </ClInclude>
    <ClInclude Include="..\..\..\src\snaplib\util\writecsv.h">
      <Filter>Header Files\util</Filter>
    </ClInclude>
    <ClInclude Include="..\..\..\src\snaplib\util\xprintf.h">
      <Filter>Header Files\util</Filter>
    </ClInclude>
    <ClInclude Include="..\..\..\src\snaplib\util\delimitedtextfile.hpp">
      <Filter>Header Files\util</Filter>
    </ClInclude>
    <ClInclude Include="..\..\..\src\snaplib\util\calcdltfile.hpp">
      <Filter>Header Files\util</Filter>
    </ClInclude>
    <ClInclude Include="..\..\..\src\snaplib\util\stringutil.hpp">
      <Filter>Header Files\util</Filter>
    </ClInclude>
    <ClInclude Include="..\..\..\src\snaplib\snapdata\snapcsvbase.hpp">
      <Filter>Header Files\snapdata</Filter>
    </ClInclude>
    <ClInclude Include="..\..\..\src\snaplib\snapdata\snapcsvobs.h">
      <Filter>Header Files\snapdata</Filter>
    </ClInclude>
    <ClInclude Include="..\..\..\src\snaplib\snapdata\snapcsvobs.hpp">
      <Filter>Header Files\snapdata</Filter>
    </ClInclude>
    <ClInclude Include="..\..\..\src\snaplib\snap\snapcsvstn.h">
      <Filter>Header Files\snap</Filter>
    </ClInclude>
    <ClInclude Include="..\..\..\src\snaplib\snap\snapcsvstn.hpp">
      <Filter>Header Files\snap</Filter>
    </ClInclude>
    <ClInclude Include="..\..\..\src\snaplib\util\recordstream.hpp">
      <Filter>Header Files\util</Filter>
    </ClInclude>
    <ClInclude Include="..\..\..\src\snaplib\util\optionstring.hpp">
      <Filter>Header Files\util</Filter>
    </ClInclude>
    <ClInclude Include="..\..\..\src\snaplib\util\parseangle.hpp">
      <Filter>Header Files\util</Filter>
    </ClInclude>
  </ItemGroup>
  <ItemGroup>
    <None Include="..\..\..\..\..\..\bin\lapg.exe" />
    <None Include="..\..\..\..\..\..\bin\lapg.txt" />
  </ItemGroup>
</Project>
